Microsoft Visual Studio Solution File, Format Version 12.00
# Visual Studio 2012
Project("{FAE04EC0-301F-11D3-BF4B-00C04F79EFBC}") = "dodge_the_creeps", "dodge_the_creeps.csproj", "{7606321A-2902-4084-A916-FE0B9A0B6951}"
EndProject
Global
	GlobalSection(SolutionConfigurationPlatforms) = preSolution
	Debug|Any CPU = Debug|Any CPU
	ExportDebug|Any CPU = ExportDebug|Any CPU
	ExportRelease|Any CPU = ExportRelease|Any CPU
	EndGlobalSection
	GlobalSection(ProjectConfigurationPlatforms) = postSolution
		{7606321A-2902-4084-A916-FE0B9A0B6951}.Debug|Any CPU.ActiveCfg = Debug|Any CPU
		{7606321A-2902-4084-A916-FE0B9A0B6951}.Debug|Any CPU.Build.0 = Debug|Any CPU
		{7606321A-2902-4084-A916-FE0B9A0B6951}.ExportDebug|Any CPU.ActiveCfg = ExportDebug|Any CPU
		{7606321A-2902-4084-A916-FE0B9A0B6951}.ExportDebug|Any CPU.Build.0 = ExportDebug|Any CPU
		{7606321A-2902-4084-A916-FE0B9A0B6951}.ExportRelease|Any CPU.ActiveCfg = ExportRelease|Any CPU
		{7606321A-2902-4084-A916-FE0B9A0B6951}.ExportRelease|Any CPU.Build.0 = ExportRelease|Any CPU
	EndGlobalSection
EndGlobal
